
Microsoft Visual Studio Solution File, Format Version 12.00
# Visual Studio Version 16
VisualStudioVersion = 16.0.29306.81
MinimumVisualStudioVersion = 10.0.40219.1
Project("{2150E333-8FDC-42A3-9474-1A3956D46DE8}") = "src", "src", "{716D0FF2-6717-4C62-86E5-D5FE38B9C3D0}"
EndProject
Project("{2150E333-8FDC-42A3-9474-1A3956D46DE8}") = "tests", "tests", "{B71C0C6E-CB85-4961-871B-77CFA89FB5A5}"
EndProject
Project("{9A19103F-16F7-4668-BE54-9A1E7A4F7556}") = "Data", "src\Carona.Data\Data.csproj", "{D798EF9F-5D97-458A-8B82-0322FF7AF929}"
EndProject
Project("{9A19103F-16F7-4668-BE54-9A1E7A4F7556}") = "Business", "src\Carona.Business\Business.csproj", "{436B6839-A90C-4B27-8D1F-6B86AB7CC11E}"
EndProject
Project("{9A19103F-16F7-4668-BE54-9A1E7A4F7556}") = "Web", "src\Carona.Web\Web.csproj", "{20C48C4B-27C9-4238-9724-AD7C2B3DF8CB}"
EndProject
Project("{9A19103F-16F7-4668-BE54-9A1E7A4F7556}") = "Test", "src\Carona.Test\Test.csproj", "{7AAFB61E-9CBA-4CEF-81A8-835BDC618DC0}"
EndProject
Global
	GlobalSection(SolutionConfigurationPlatforms) = preSolution
		Debug|Any CPU = Debug|Any CPU
		Release|Any CPU = Release|Any CPU
	EndGlobalSection
	GlobalSection(ProjectConfigurationPlatforms) = postSolution
		{D798EF9F-5D97-458A-8B82-0322FF7AF929}.Debug|Any CPU.ActiveCfg = Debug|Any CPU
		{D798EF9F-5D97-458A-8B82-0322FF7AF929}.Debug|Any CPU.Build.0 = Debug|Any CPU
		{D798EF9F-5D97-458A-8B82-0322FF7AF929}.Release|Any CPU.ActiveCfg = Release|Any CPU
		{D798EF9F-5D97-458A-8B82-0322FF7AF929}.Release|Any CPU.Build.0 = Release|Any CPU
		{436B6839-A90C-4B27-8D1F-6B86AB7CC11E}.Debug|Any CPU.ActiveCfg = Debug|Any CPU
		{436B6839-A90C-4B27-8D1F-6B86AB7CC11E}.Debug|Any CPU.Build.0 = Debug|Any CPU
		{436B6839-A90C-4B27-8D1F-6B86AB7CC11E}.Release|Any CPU.ActiveCfg = Release|Any CPU
		{436B6839-A90C-4B27-8D1F-6B86AB7CC11E}.Release|Any CPU.Build.0 = Release|Any CPU
		{20C48C4B-27C9-4238-9724-AD7C2B3DF8CB}.Debug|Any CPU.ActiveCfg = Debug|Any CPU
		{20C48C4B-27C9-4238-9724-AD7C2B3DF8CB}.Debug|Any CPU.Build.0 = Debug|Any CPU
		{20C48C4B-27C9-4238-9724-AD7C2B3DF8CB}.Release|Any CPU.ActiveCfg = Release|Any CPU
		{20C48C4B-27C9-4238-9724-AD7C2B3DF8CB}.Release|Any CPU.Build.0 = Release|Any CPU
		{7AAFB61E-9CBA-4CEF-81A8-835BDC618DC0}.Debug|Any CPU.ActiveCfg = Debug|Any CPU
		{7AAFB61E-9CBA-4CEF-81A8-835BDC618DC0}.Debug|Any CPU.Build.0 = Debug|Any CPU
		{7AAFB61E-9CBA-4CEF-81A8-835BDC618DC0}.Release|Any CPU.ActiveCfg = Release|Any CPU
		{7AAFB61E-9CBA-4CEF-81A8-835BDC618DC0}.Release|Any CPU.Build.0 = Release|Any CPU
	EndGlobalSection
	GlobalSection(SolutionProperties) = preSolution
		HideSolutionNode = FALSE
	EndGlobalSection
	GlobalSection(NestedProjects) = preSolution
		{D798EF9F-5D97-458A-8B82-0322FF7AF929} = {716D0FF2-6717-4C62-86E5-D5FE38B9C3D0}
		{436B6839-A90C-4B27-8D1F-6B86AB7CC11E} = {716D0FF2-6717-4C62-86E5-D5FE38B9C3D0}
		{20C48C4B-27C9-4238-9724-AD7C2B3DF8CB} = {716D0FF2-6717-4C62-86E5-D5FE38B9C3D0}
		{7AAFB61E-9CBA-4CEF-81A8-835BDC618DC0} = {B71C0C6E-CB85-4961-871B-77CFA89FB5A5}
	EndGlobalSection
	GlobalSection(ExtensibilityGlobals) = postSolution
		SolutionGuid = {E115FE66-0753-4B55-ADBB-22A91B66A95C}
	EndGlobalSection
EndGlobal
